
Microsoft Visual Studio Solution File, Format Version 12.00
# Visual Studio Version 17
VisualStudioVersion = 17.6.33815.320
MinimumVisualStudioVersion = 10.0.40219.1
Project("{FAE04EC0-301F-11D3-BF4B-00C04F79EFBC}") = "API", "API\API.csproj", "{3C85AAB0-B395-42CE-B730-7091F0549978}"
EndProject
Project("{FAE04EC0-301F-11D3-BF4B-00C04F79EFBC}") = "Core", "Core\Core.csproj", "{681C436B-B072-467D-98AC-6E7546B11043}"
EndProject
Project("{FAE04EC0-301F-11D3-BF4B-00C04F79EFBC}") = "Infrastructure", "Infrastructure\Infrastructure.csproj", "{D89E292D-1E6E-4B56-A9BF-3BCC091D2B2E}"
EndProject
Global
	GlobalSection(SolutionConfigurationPlatforms) = preSolution
		Debug|Any CPU = Debug|Any CPU
		Release|Any CPU = Release|Any CPU
	EndGlobalSection
	GlobalSection(ProjectConfigurationPlatforms) = postSolution
		{3C85AAB0-B395-42CE-B730-7091F0549978}.Debug|Any CPU.ActiveCfg = Debug|Any CPU
		{3C85AAB0-B395-42CE-B730-7091F0549978}.Debug|Any CPU.Build.0 = Debug|Any CPU
		{3C85AAB0-B395-42CE-B730-7091F0549978}.Release|Any CPU.ActiveCfg = Release|Any CPU
		{3C85AAB0-B395-42CE-B730-7091F0549978}.Release|Any CPU.Build.0 = Release|Any CPU
		{681C436B-B072-467D-98AC-6E7546B11043}.Debug|Any CPU.ActiveCfg = Debug|Any CPU
		{681C436B-B072-467D-98AC-6E7546B11043}.Debug|Any CPU.Build.0 = Debug|Any CPU
		{681C436B-B072-467D-98AC-6E7546B11043}.Release|Any CPU.ActiveCfg = Release|Any CPU
		{681C436B-B072-467D-98AC-6E7546B11043}.Release|Any CPU.Build.0 = Release|Any CPU
		{D89E292D-1E6E-4B56-A9BF-3BCC091D2B2E}.Debug|Any CPU.ActiveCfg = Debug|Any CPU
		{D89E292D-1E6E-4B56-A9BF-3BCC091D2B2E}.Debug|Any CPU.Build.0 = Debug|Any CPU
		{D89E292D-1E6E-4B56-A9BF-3BCC091D2B2E}.Release|Any CPU.ActiveCfg = Release|Any CPU
		{D89E292D-1E6E-4B56-A9BF-3BCC091D2B2E}.Release|Any CPU.Build.0 = Release|Any CPU
	EndGlobalSection
	GlobalSection(SolutionProperties) = preSolution
		HideSolutionNode = FALSE
	EndGlobalSection
	GlobalSection(ExtensibilityGlobals) = postSolution
		SolutionGuid = {34DB8CEB-94A9-488B-B108-C14F0C174E05}
	EndGlobalSection
EndGlobal
